d6c9c0f7c7d952d3400865c4a6d8e7a3a5678aecf09836e2d031630a82b2e136  lib/alloc.cyr
69e92cc4b67f1a936f94c92ce8a4c66673758b84dba385e96fbeaa46fa692b4c  lib/alloc_agnos.cyr
62b090ca59dabcb9efc98677f495e04edf63a018105ccd0ac76f992e187cf4e6  lib/alloc_cx.cyr
205476315da00b96360a2114df2422a9b7bcbd36f6e9a5042a094455123a543e  lib/alloc_macos.cyr
2f27fed1b4711ae19dc24389aefd50016b5b0e32376f32e8b560f40f5f32d712  lib/alloc_windows.cyr
9583b938d791d35e24c3ca45c44e199a4e58197fbe6b3f32c3d9676908d69d9c  lib/assert.cyr
2485128eae67f4b1f3716ec3d101d8317801f77126344919e7a4d24b80eb6761  lib/atomic.cyr
cd9321d9400401cd8895d1f488d969ea391a1194b327f7a1fa60b99912b73cf2  lib/bench.cyr
31fbcb484467615fe52619e2f66eba3d37092fee85862131231ecdb1f4ee95e3  lib/fmt.cyr
2f9d210e9280506f280bbd10a7b26b76c7990360a97fb7701f348bfe76fbb291  lib/fnptr.cyr
52d8879572df7a9ab0c5d1b97eb1f41799b06e684c01876d8023f04a4c63ee0d  lib/poison.cyr
f963c13ec3945a54d7a6c626e75b9f02d2053c60deb4fa987d7fd1fff97b1723  lib/string.cyr
2d68982c31a40f4b9695d484fd52aa20f6e0a7e33d9f0a90d39e1239c2dc35cf  lib/syscalls.cyr
c120f895c1b68028aab3365e4d369eb5754781d5a4bd044211c8e5394aef587c  lib/syscalls_aarch64_linux.cyr
7f94a297c241b505d99971542b0fbe034b7947b6184e2a8bae28afc01474084b  lib/syscalls_linux_common.cyr
72ff29f286de8edca7adc9f7d6a51ffcd52e53b4d91229f6327d910a99f1c1d2  lib/syscalls_macos.cyr
a37c0447d4fd82f966138ec1da277a3d909a6c222644a22c0175cf3ea4c74b29  lib/syscalls_windows.cyr
6dc5f0949b1a44d6f07f843554a7c42d18fc7c5f3c5ef4b6b8538b74a2223450  lib/syscalls_x86_64_agnos.cyr
fdc56202b9b968c26083ff66bcc9a0accd0c2176fdf4f7ba626a3c7d300d3415  lib/syscalls_x86_64_linux.cyr
fa7a04f961c15fa76dac4ce799830f0a71a720d27da25867f4ca68e7ea21880a  lib/vec.cyr
cyrius	6.7.5
